
Microsoft Visual Studio Solution File, Format Version 12.00
# Visual Studio Version 17
VisualStudioVersion = 17.14.36811.4
MinimumVisualStudioVersion = 10.0.40219.1
Project("{FAE04EC0-301F-11D3-BF4B-00C04F79EFBC}") = "Budgethelper", "Budgethelper.csproj", "{5868B03E-0C4A-4C74-A68A-2425FA876D04}"
EndProject
Global
	GlobalSection(SolutionConfigurationPlatforms) = preSolution
		Debug|Any CPU = Debug|Any CPU
		Release|Any CPU = Release|Any CPU
		ч64|Any CPU = ч64|Any CPU
	EndGlobalSection
	GlobalSection(ProjectConfigurationPlatforms) = postSolution
		{5868B03E-0C4A-4C74-A68A-2425FA876D04}.Debug|Any CPU.ActiveCfg = Debug|Any CPU
		{5868B03E-0C4A-4C74-A68A-2425FA876D04}.Debug|Any CPU.Build.0 = Debug|Any CPU
		{5868B03E-0C4A-4C74-A68A-2425FA876D04}.Release|Any CPU.ActiveCfg = Release|Any CPU
		{5868B03E-0C4A-4C74-A68A-2425FA876D04}.Release|Any CPU.Build.0 = Release|Any CPU
		{5868B03E-0C4A-4C74-A68A-2425FA876D04}.ч64|Any CPU.ActiveCfg = Release|Any CPU
		{5868B03E-0C4A-4C74-A68A-2425FA876D04}.ч64|Any CPU.Build.0 = Release|Any CPU
	EndGlobalSection
	GlobalSection(SolutionProperties) = preSolution
		HideSolutionNode = FALSE
	EndGlobalSection
	GlobalSection(ExtensibilityGlobals) = postSolution
		SolutionGuid = {5945CFDD-C772-4706-8470-43BD061714D3}
	EndGlobalSection
EndGlobal
