
Microsoft Visual Studio Solution File, Format Version 12.00
# Visual Studio Version 17
VisualStudioVersion = 17.14.36811.4 d17.14
MinimumVisualStudioVersion = 10.0.40219.1
Project("{FAE04EC0-301F-11D3-BF4B-00C04F79EFBC}") = "WebAutomation.Logger.Visual", "WebAutomation.Logger.Visual.csproj", "{FBC89E5C-9355-4C89-813B-CB2C192D2A6F}"
EndProject
Project("{FAE04EC0-301F-11D3-BF4B-00C04F79EFBC}") = "WebAutomation.Logger.Contract", "..\WebAutomation.Logger.Contract\WebAutomation.Logger.Contract.csproj", "{807914CB-69D6-48D6-BFFB-500044B04F80}"
EndProject
Project("{2150E333-8FDC-42A3-9474-1A3956D46DE8}") = "Enum", "Enum", "{02EA681E-C7D8-13C7-8484-4AC65E1B71E8}"
	ProjectSection(SolutionItems) = preProject
		LogLevel.cs = LogLevel.cs
	EndProjectSection
EndProject
Global
	GlobalSection(SolutionConfigurationPlatforms) = preSolution
		Debug|Any CPU = Debug|Any CPU
		mi|Any CPU = mi|Any CPU
		Release|Any CPU = Release|Any CPU
	EndGlobalSection
	GlobalSection(ProjectConfigurationPlatforms) = postSolution
		{FBC89E5C-9355-4C89-813B-CB2C192D2A6F}.Debug|Any CPU.ActiveCfg = Debug|Any CPU
		{FBC89E5C-9355-4C89-813B-CB2C192D2A6F}.Debug|Any CPU.Build.0 = Debug|Any CPU
		{FBC89E5C-9355-4C89-813B-CB2C192D2A6F}.mi|Any CPU.ActiveCfg = mi|Any CPU
		{FBC89E5C-9355-4C89-813B-CB2C192D2A6F}.mi|Any CPU.Build.0 = mi|Any CPU
		{FBC89E5C-9355-4C89-813B-CB2C192D2A6F}.Release|Any CPU.ActiveCfg = Release|Any CPU
		{FBC89E5C-9355-4C89-813B-CB2C192D2A6F}.Release|Any CPU.Build.0 = Release|Any CPU
		{807914CB-69D6-48D6-BFFB-500044B04F80}.Debug|Any CPU.ActiveCfg = Debug|Any CPU
		{807914CB-69D6-48D6-BFFB-500044B04F80}.Debug|Any CPU.Build.0 = Debug|Any CPU
		{807914CB-69D6-48D6-BFFB-500044B04F80}.mi|Any CPU.ActiveCfg = mi|Any CPU
		{807914CB-69D6-48D6-BFFB-500044B04F80}.mi|Any CPU.Build.0 = mi|Any CPU
		{807914CB-69D6-48D6-BFFB-500044B04F80}.Release|Any CPU.ActiveCfg = Release|Any CPU
		{807914CB-69D6-48D6-BFFB-500044B04F80}.Release|Any CPU.Build.0 = Release|Any CPU
	EndGlobalSection
	GlobalSection(SolutionProperties) = preSolution
		HideSolutionNode = FALSE
	EndGlobalSection
	GlobalSection(ExtensibilityGlobals) = postSolution
		SolutionGuid = {2C366434-DE3B-4955-8C3B-B495B806A661}
	EndGlobalSection
EndGlobal
